
Microsoft Visual Studio Solution File, Format Version 12.00
# Visual Studio Version 17
VisualStudioVersion = 17.11.35208.52
MinimumVisualStudioVersion = 10.0.40219.1
Project("{8BC9CEB8-8B4A-11D0-8D11-00A0C91BC942}") = "TParcial", "TParcial\TParcial.vcxproj", "{92B4F149-32B4-4CBB-B69B-C33121358F32}"
EndProject
Project("{2150E333-8FDC-42A3-9474-1A3956D46DE8}") = "Elementos de la solución", "Elementos de la solución", "{2399A904-147A-4551-A8E3-8D37E78753D5}"
EndProject
Global
	GlobalSection(SolutionConfigurationPlatforms) = preSolution
		Debug|x64 = Debug|x64
		Debug|x86 = Debug|x86
		Release|x64 = Release|x64
		Release|x86 = Release|x86
	EndGlobalSection
	GlobalSection(ProjectConfigurationPlatforms) = postSolution
		{92B4F149-32B4-4CBB-B69B-C33121358F32}.Debug|x64.ActiveCfg = Debug|x64
		{92B4F149-32B4-4CBB-B69B-C33121358F32}.Debug|x64.Build.0 = Debug|x64
		{92B4F149-32B4-4CBB-B69B-C33121358F32}.Debug|x86.ActiveCfg = Debug|Win32
		{92B4F149-32B4-4CBB-B69B-C33121358F32}.Debug|x86.Build.0 = Debug|Win32
		{92B4F149-32B4-4CBB-B69B-C33121358F32}.Release|x64.ActiveCfg = Release|x64
		{92B4F149-32B4-4CBB-B69B-C33121358F32}.Release|x64.Build.0 = Release|x64
		{92B4F149-32B4-4CBB-B69B-C33121358F32}.Release|x86.ActiveCfg = Release|Win32
		{92B4F149-32B4-4CBB-B69B-C33121358F32}.Release|x86.Build.0 = Release|Win32
	EndGlobalSection
	GlobalSection(SolutionProperties) = preSolution
		HideSolutionNode = FALSE
	EndGlobalSection
	GlobalSection(ExtensibilityGlobals) = postSolution
		SolutionGuid = {4F0A7CD8-61FE-4047-A19C-E2CB10AA725B}
	EndGlobalSection
EndGlobal
